
Microsoft Visual Studio Solution File, Format Version 12.00
# Visual Studio Version 17
VisualStudioVersion = 17.11.35327.3
MinimumVisualStudioVersion = 10.0.40219.1
Project("{FAE04EC0-301F-11D3-BF4B-00C04F79EFBC}") = "Projek", "Projek\Projek.csproj", "{EF1E8957-C6FB-4C92-91C2-137AEE8D1B7E}"
EndProject
Global
	GlobalSection(SolutionConfigurationPlatforms) = preSolution
		Debug|Any CPU = Debug|Any CPU
		Release|Any CPU = Release|Any CPU
	EndGlobalSection
	GlobalSection(ProjectConfigurationPlatforms) = postSolution
		{EF1E8957-C6FB-4C92-91C2-137AEE8D1B7E}.Debug|Any CPU.ActiveCfg = Debug|Any CPU
		{EF1E8957-C6FB-4C92-91C2-137AEE8D1B7E}.Debug|Any CPU.Build.0 = Debug|Any CPU
		{EF1E8957-C6FB-4C92-91C2-137AEE8D1B7E}.Release|Any CPU.ActiveCfg = Release|Any CPU
		{EF1E8957-C6FB-4C92-91C2-137AEE8D1B7E}.Release|Any CPU.Build.0 = Release|Any CPU
	EndGlobalSection
	GlobalSection(SolutionProperties) = preSolution
		HideSolutionNode = FALSE
	EndGlobalSection
	GlobalSection(ExtensibilityGlobals) = postSolution
		SolutionGuid = {FE8678A4-3C36-4E32-8202-3B8EB8BDF1A7}
	EndGlobalSection
EndGlobal
